
Microsoft Visual Studio Solution File, Format Version 12.00
# Visual Studio Version 17
VisualStudioVersion = 17.4.33213.308
MinimumVisualStudioVersion = 10.0.40219.1
Project("{FAE04EC0-301F-11D3-BF4B-00C04F79EFBC}") = "Formulario", "Formulario\Formulario.csproj", "{C612D995-8A25-4FC3-B93F-5487E7824694}"
EndProject
Global
	GlobalSection(SolutionConfigurationPlatforms) = preSolution
		Debug|Any CPU = Debug|Any CPU
		Release|Any CPU = Release|Any CPU
	EndGlobalSection
	GlobalSection(ProjectConfigurationPlatforms) = postSolution
		{C612D995-8A25-4FC3-B93F-5487E7824694}.Debug|Any CPU.ActiveCfg = Debug|Any CPU
		{C612D995-8A25-4FC3-B93F-5487E7824694}.Debug|Any CPU.Build.0 = Debug|Any CPU
		{C612D995-8A25-4FC3-B93F-5487E7824694}.Release|Any CPU.ActiveCfg = Release|Any CPU
		{C612D995-8A25-4FC3-B93F-5487E7824694}.Release|Any CPU.Build.0 = Release|Any CPU
	EndGlobalSection
	GlobalSection(SolutionProperties) = preSolution
		HideSolutionNode = FALSE
	EndGlobalSection
	GlobalSection(ExtensibilityGlobals) = postSolution
		SolutionGuid = {EAD6393B-F965-437C-97DB-053D7DE3E5C3}
	EndGlobalSection
EndGlobal
